
Microsoft Visual Studio Solution File, Format Version 12.00
# Visual Studio 15
VisualStudioVersion = 15.0.28010.2050
MinimumVisualStudioVersion = 10.0.40219.1
Project("{8BC9CEB8-8B4A-11D0-8D11-00A0C91BC942}") = "JpegExtractor", "JpegExtractor\JpegExtractor.vcxproj", "{B9B09CD5-8112-4736-94E0-245C9658C184}"
EndProject
Project("{8BC9CEB8-8B4A-11D0-8D11-00A0C91BC942}") = "JpegExtractorTest", "JpegExtractorTest\JpegExtractorTest.vcxproj", "{410E7190-F24C-4ECA-911C-FD18DBCCCA5E}"
EndProject
Global
	GlobalSection(SolutionConfigurationPlatforms) = preSolution
		Debug|x64 = Debug|x64
		Debug|x86 = Debug|x86
		Release|x64 = Release|x64
		Release|x86 = Release|x86
	EndGlobalSection
	GlobalSection(ProjectConfigurationPlatforms) = postSolution
		{B9B09CD5-8112-4736-94E0-245C9658C184}.Debug|x64.ActiveCfg = Debug|x64
		{B9B09CD5-8112-4736-94E0-245C9658C184}.Debug|x64.Build.0 = Debug|x64
		{B9B09CD5-8112-4736-94E0-245C9658C184}.Debug|x86.ActiveCfg = Debug|Win32
		{B9B09CD5-8112-4736-94E0-245C9658C184}.Debug|x86.Build.0 = Debug|Win32
		{B9B09CD5-8112-4736-94E0-245C9658C184}.Release|x64.ActiveCfg = Release|x64
		{B9B09CD5-8112-4736-94E0-245C9658C184}.Release|x64.Build.0 = Release|x64
		{B9B09CD5-8112-4736-94E0-245C9658C184}.Release|x86.ActiveCfg = Release|Win32
		{B9B09CD5-8112-4736-94E0-245C9658C184}.Release|x86.Build.0 = Release|Win32
		{410E7190-F24C-4ECA-911C-FD18DBCCCA5E}.Debug|x64.ActiveCfg = Debug|x64
		{410E7190-F24C-4ECA-911C-FD18DBCCCA5E}.Debug|x64.Build.0 = Debug|x64
		{410E7190-F24C-4ECA-911C-FD18DBCCCA5E}.Debug|x86.ActiveCfg = Debug|Win32
		{410E7190-F24C-4ECA-911C-FD18DBCCCA5E}.Debug|x86.Build.0 = Debug|Win32
		{410E7190-F24C-4ECA-911C-FD18DBCCCA5E}.Release|x64.ActiveCfg = Release|x64
		{410E7190-F24C-4ECA-911C-FD18DBCCCA5E}.Release|x64.Build.0 = Release|x64
		{410E7190-F24C-4ECA-911C-FD18DBCCCA5E}.Release|x86.ActiveCfg = Release|Win32
		{410E7190-F24C-4ECA-911C-FD18DBCCCA5E}.Release|x86.Build.0 = Release|Win32
	EndGlobalSection
	GlobalSection(SolutionProperties) = preSolution
		HideSolutionNode = FALSE
	EndGlobalSection
	GlobalSection(ExtensibilityGlobals) = postSolution
		SolutionGuid = {7B93A7C1-044F-4BED-B7C5-6B42102AFA27}
	EndGlobalSection
EndGlobal
